
Microsoft Visual Studio Solution File, Format Version 12.00
# Visual Studio 15
VisualStudioVersion = 15.0.27703.2035
MinimumVisualStudioVersion = 10.0.40219.1
Project("{FAE04EC0-301F-11D3-BF4B-00C04F79EFBC}") = "My First Project", "My First Project\My First Project.csproj", "{1F540DF7-216B-4D8B-89D7-69435625F0E4}"
EndProject
Global
	GlobalSection(SolutionConfigurationPlatforms) = preSolution
		Debug|Any CPU = Debug|Any CPU
		Release|Any CPU = Release|Any CPU
	EndGlobalSection
	GlobalSection(ProjectConfigurationPlatforms) = postSolution
		{1F540DF7-216B-4D8B-89D7-69435625F0E4}.Debug|Any CPU.ActiveCfg = Debug|Any CPU
		{1F540DF7-216B-4D8B-89D7-69435625F0E4}.Debug|Any CPU.Build.0 = Debug|Any CPU
		{1F540DF7-216B-4D8B-89D7-69435625F0E4}.Release|Any CPU.ActiveCfg = Release|Any CPU
		{1F540DF7-216B-4D8B-89D7-69435625F0E4}.Release|Any CPU.Build.0 = Release|Any CPU
	EndGlobalSection
	GlobalSection(SolutionProperties) = preSolution
		HideSolutionNode = FALSE
	EndGlobalSection
	GlobalSection(ExtensibilityGlobals) = postSolution
		SolutionGuid = {857F96C3-D399-4E5D-BDB7-B306AE501FBE}
	EndGlobalSection
EndGlobal
